PODS:
  - Alamofire (5.6.1)
  - Amplitude-iOS (4.10.0)
  - AppsFlyerFramework (6.6.1):
    - AppsFlyerFramework/Main (= 6.6.1)
  - AppsFlyerFramework/Main (6.6.1)
  - Branch (1.42.0)
  - FBAEMKit (13.2.0):
    - FBSDKCoreKit_Basics (= 13.2.0)
  - FBSDKCoreKit (13.2.0):
    - FBAEMKit (= 13.2.0)
    - FBSDKCoreKit_Basics (= 13.2.0)
  - FBSDKCoreKit_Basics (13.2.0)
  - Firebase/Analytics (9.1.0):
    - Firebase/Core
  - Firebase/Core (9.1.0):
    - Firebase/CoreOnly
    - FirebaseAnalytics (~> 9.1.0)
  - Firebase/CoreOnly (9.1.0):
    - FirebaseCore (= 9.1.0)
  - Firebase/Crashlytics (9.1.0):
    - Firebase/CoreOnly
    - FirebaseCrashlytics (~> 9.1.0)
  - Firebase/Messaging (9.1.0):
    - Firebase/CoreOnly
    - FirebaseMessaging (~> 9.1.0)
  - FirebaseAnalytics (9.1.0):
    - FirebaseAnalytics/AdIdSupport (= 9.1.0)
    - FirebaseCore (~> 9.0)
    - FirebaseInstallations (~> 9.0)
    - GoogleUtilities/AppDelegateSwizzler (~> 7.7)
    - GoogleUtilities/MethodSwizzler (~> 7.7)
    - GoogleUtilities/Network (~> 7.7)
    - "GoogleUtilities/NSData+zlib (~> 7.7)"
    - nanopb (< 2.30910.0, >= 2.30908.0)
  - FirebaseAnalytics/AdIdSupport (9.1.0):
    - FirebaseCore (~> 9.0)
    - FirebaseInstallations (~> 9.0)
    - GoogleAppMeasurement (= 9.1.0)
    - GoogleUtilities/AppDelegateSwizzler (~> 7.7)
    - GoogleUtilities/MethodSwizzler (~> 7.7)
    - GoogleUtilities/Network (~> 7.7)
    - "GoogleUtilities/NSData+zlib (~> 7.7)"
    - nanopb (< 2.30910.0, >= 2.30908.0)
  - FirebaseCore (9.1.0):
    - FirebaseCoreDiagnostics (~> 9.0)
    - FirebaseCoreInternal (~> 9.0)
    - GoogleUtilities/Environment (~> 7.7)
    - GoogleUtilities/Logger (~> 7.7)
  - FirebaseCoreDiagnostics (9.1.0):
    - GoogleDataTransport (< 10.0.0, >= 9.1.4)
    - GoogleUtilities/Environment (~> 7.7)
    - GoogleUtilities/Logger (~> 7.7)
    - nanopb (< 2.30910.0, >= 2.30908.0)
  - FirebaseCoreInternal (9.1.0):
    - "GoogleUtilities/NSData+zlib (~> 7.7)"
  - FirebaseCrashlytics (9.1.0):
    - FirebaseCore (~> 9.0)
    - FirebaseInstallations (~> 9.0)
    - GoogleDataTransport (< 10.0.0, >= 9.1.4)
    - GoogleUtilities/Environment (~> 7.7)
    - nanopb (< 2.30910.0, >= 2.30908.0)
    - PromisesObjC (~> 2.1)
  - FirebaseInstallations (9.1.0):
    - FirebaseCore (~> 9.0)
    - GoogleUtilities/Environment (~> 7.7)
    - GoogleUtilities/UserDefaults (~> 7.7)
    - PromisesObjC (~> 2.1)
  - FirebaseMessaging (9.1.0):
    - FirebaseCore (~> 9.0)
    - FirebaseInstallations (~> 9.0)
    - GoogleDataTransport (< 10.0.0, >= 9.1.4)
    - GoogleUtilities/AppDelegateSwizzler (~> 7.7)
    - GoogleUtilities/Environment (~> 7.7)
    - GoogleUtilities/Reachability (~> 7.7)
    - GoogleUtilities/UserDefaults (~> 7.7)
    - nanopb (< 2.30910.0, >= 2.30908.0)
  - GoogleAppMeasurement (9.1.0):
    - GoogleAppMeasurement/AdIdSupport (= 9.1.0)
    - GoogleUtilities/AppDelegateSwizzler (~> 7.7)
    - GoogleUtilities/MethodSwizzler (~> 7.7)
    - GoogleUtilities/Network (~> 7.7)
    - "GoogleUtilities/NSData+zlib (~> 7.7)"
    - nanopb (< 2.30910.0, >= 2.30908.0)
  - GoogleAppMeasurement/AdIdSupport (9.1.0):
    - GoogleAppMeasurement/WithoutAdIdSupport (= 9.1.0)
    - GoogleUtilities/AppDelegateSwizzler (~> 7.7)
    - GoogleUtilities/MethodSwizzler (~> 7.7)
    - GoogleUtilities/Network (~> 7.7)
    - "GoogleUtilities/NSData+zlib (~> 7.7)"
    - nanopb (< 2.30910.0, >= 2.30908.0)
  - GoogleAppMeasurement/WithoutAdIdSupport (9.1.0):
    - GoogleUtilities/AppDelegateSwizzler (~> 7.7)
    - GoogleUtilities/MethodSwizzler (~> 7.7)
    - GoogleUtilities/Network (~> 7.7)
    - "GoogleUtilities/NSData+zlib (~> 7.7)"
    - nanopb (< 2.30910.0, >= 2.30908.0)
  - GoogleDataTransport (9.1.4):
    - GoogleUtilities/Environment (~> 7.7)
    - nanopb (< 2.30910.0, >= 2.30908.0)
    - PromisesObjC (< 3.0, >= 1.2)
  - GoogleUtilities/AppDelegateSwizzler (7.7.0):
    - GoogleUtilities/Environment
    - GoogleUtilities/Logger
    - GoogleUtilities/Network
  - GoogleUtilities/Environment (7.7.0):
    - PromisesObjC (< 3.0, >= 1.2)
  - GoogleUtilities/Logger (7.7.0):
    - GoogleUtilities/Environment
  - GoogleUtilities/MethodSwizzler (7.7.0):
    - GoogleUtilities/Logger
  - GoogleUtilities/Network (7.7.0):
    - GoogleUtilities/Logger
    - "GoogleUtilities/NSData+zlib"
    - GoogleUtilities/Reachability
  - "GoogleUtilities/NSData+zlib (7.7.0)"
  - GoogleUtilities/Reachability (7.7.0):
    - GoogleUtilities/Logger
  - GoogleUtilities/UserDefaults (7.7.0):
    - GoogleUtilities/Logger
  - Kingfisher (7.2.2)
  - lottie-ios (3.3.0)
  - MarqueeLabel (4.0.5)
  - nanopb (2.30909.0):
    - nanopb/decode (= 2.30909.0)
    - nanopb/encode (= 2.30909.0)
  - nanopb/decode (2.30909.0)
  - nanopb/encode (2.30909.0)
  - NotificationBannerSwift (3.1.0):
    - MarqueeLabel (~> 4.0.5)
    - SnapKit (~> 5.0.1)
  - PromisesObjC (2.1.0)
  - RushSDK (2.11.4):
    - Alamofire
    - Amplitude-iOS
    - AppsFlyerFramework
    - Branch
    - FBSDKCoreKit
    - Firebase/Analytics
    - Firebase/Crashlytics
    - Firebase/Messaging
    - RxCocoa
    - RxSwift
    - SwiftyStoreKit
  - RxCocoa (6.5.0):
    - RxRelay (= 6.5.0)
    - RxSwift (= 6.5.0)
  - RxRelay (6.5.0):
    - RxSwift (= 6.5.0)
  - RxSwift (6.5.0)
  - SnapKit (5.0.1)
  - SwiftyStoreKit (0.16.1)

DEPENDENCIES:
  - Kingfisher
  - lottie-ios
  - NotificationBannerSwift
  - RushSDK (from `https://github.com/AgentChe/RushSDK.git`)

SPEC REPOS:
  https://github.com/CocoaPods/Specs.git:
    - Alamofire
    - Amplitude-iOS
    - AppsFlyerFramework
    - Branch
    - FBAEMKit
    - FBSDKCoreKit
    - FBSDKCoreKit_Basics
    - Firebase
    - FirebaseAnalytics
    - FirebaseCore
    - FirebaseCoreDiagnostics
    - FirebaseCoreInternal
    - FirebaseCrashlytics
    - FirebaseInstallations
    - FirebaseMessaging
    - GoogleAppMeasurement
    - GoogleDataTransport
    - GoogleUtilities
    - Kingfisher
    - lottie-ios
    - MarqueeLabel
    - nanopb
    - NotificationBannerSwift
    - PromisesObjC
    - RxCocoa
    - RxRelay
    - RxSwift
    - SnapKit
    - SwiftyStoreKit

EXTERNAL SOURCES:
  RushSDK:
    :git: https://github.com/AgentChe/RushSDK.git

CHECKOUT OPTIONS:
  RushSDK:
    :commit: d38fba713d12d6972786e91a480529fbac6e103e
    :git: https://github.com/AgentChe/RushSDK.git

SPEC CHECKSUMS:
  Alamofire: 87bd8c952f9a4454320fce00d9cc3de57bcadaf5
  Amplitude-iOS: 7d8cdc3408ba35c2e68368fc7c692cd104606b94
  AppsFlyerFramework: 5e4b385a27dc6179e132b1617f76809412eb2f88
  Branch: a6f1d597dc7c027360f386d05e8d109043b207d8
  FBAEMKit: c2b2895363b7e57192013d1dc49fdf498b28624c
  FBSDKCoreKit: 58139803d861e72c7661dc875611a759352a55ac
  FBSDKCoreKit_Basics: 1ffc68326a5ece051d85574f02a0adcf27c2a5f2
  Firebase: 91c243d75573ac6e7c9735ec859b72bffb61347d
  FirebaseAnalytics: bf11064790ac96804df1df9ddc0ae45af950d9fc
  FirebaseCore: b7bfc258e996eada23b3666bd6b9a22ca092acb8
  FirebaseCoreDiagnostics: 2dabba3412b23b524823325739f45e520f67d1e7
  FirebaseCoreInternal: f3c838ae0b41cd840bbf34f90debfede78d352e5
  FirebaseCrashlytics: 8e21736dcf15d814b79229eb7e79ba3a5eec5f30
  FirebaseInstallations: a91c74276b544524ce144c8315d8cdbce2dbe30b
  FirebaseMessaging: 0bf5caa621182ccc66ba3be3b15e68d800d98e9f
  GoogleAppMeasurement: 8ecc717f2abe3f9ee95a5d38db08827852894acc
  GoogleDataTransport: 5fffe35792f8b96ec8d6775f5eccd83c998d5a3b
  GoogleUtilities: e0913149f6b0625b553d70dae12b49fc62914fd1
  Kingfisher: 184d4d1a8c36666e663caf8e08abe87898595c53
  lottie-ios: 6ac74dcc09904798f59b18cb3075c089d76be9ae
  MarqueeLabel: 00cc0bcd087111dca575878b3531af980559707d
  nanopb: b552cce312b6c8484180ef47159bc0f65a1f0431
  NotificationBannerSwift: 49912a48b37e2f55d1cef4e8a38f15394f66a70a
  PromisesObjC: 99b6f43f9e1044bd87a95a60beff28c2c44ddb72
  RushSDK: 2fae01e4aec3a65d856f94a859b00dad1435df8c
  RxCocoa: 94f817b71c07517321eb4f9ad299112ca8af743b
  RxRelay: 1de1523e604c72b6c68feadedd1af3b1b4d0ecbd
  RxSwift: 5710a9e6b17f3c3d6e40d6e559b9fa1e813b2ef8
  SnapKit: 97b92857e3df3a0c71833cce143274bf6ef8e5eb
  SwiftyStoreKit: 6b9c08810269f030586dac1fae8e75871a82e84a

PODFILE CHECKSUM: 79431ba4e0c0f93f1d26e4318bd16fa1dd99782d

COCOAPODS: 1.11.2
